github.com/extism/go-pdk v1.0.2 h1:UB7oTW3tw2zoMlsUdBEDAAbhQg9OudzgNeyCwQYZ730=
github.com/extism/go-pdk v1.0.2/go.mod h1:Gz+LIU/YCKnKXhgge8yo5Yu1F/lbv7KtKFkiCSzW/P4=
github.com/rubiojr/sup/pkg/plugin v0.0.0-20250611234822-c06dbea1ca6d h1:42v2PV+yRx4EhGGwb9wEl8By3RNhkMb+vucDIg4YQgw=
github.com/rubiojr/sup/pkg/plugin v0.0.0-20250611234822-c06dbea1ca6d/go.mod h1:Sh+IU2wBBvYbwHs7n/2DLhwBkNBzhPYujU+0yhL69gQ=
